
Microsoft Visual Studio Solution File, Format Version 12.00
Project("{FAE04EC0-301F-11D3-BF4B-00C04F79EFBC}") = "week5_hw", "week5_hw\week5_hw.csproj", "{4B67CDA9-1EA8-4970-920F-FB9109EC58AF}"
EndProject
Project("{FAE04EC0-301F-11D3-BF4B-00C04F79EFBC}") = "week6_hw", "week6_hw\week6_hw.csproj", "{514335F5-2B84-49BB-8A98-B14CD22490A0}"
EndProject
Project("{FAE04EC0-301F-11D3-BF4B-00C04F79EFBC}") = "week7_hw", "week7_hw\week7_hw.csproj", "{F9ADA54C-5B04-4B48-A69E-181622497ACE}"
EndProject
Project("{FAE04EC0-301F-11D3-BF4B-00C04F79EFBC}") = "week8_hw", "week8_hw\week8_hw.csproj", "{7593C403-7304-47A0-AD94-79E97C695F75}"
EndProject
Project("{FAE04EC0-301F-11D3-BF4B-00C04F79EFBC}") = "week9_hw", "week9_hw\week9_hw.csproj", "{122C6039-490A-4258-A885-A7A30E6A8352}"
EndProject
Project("{FAE04EC0-301F-11D3-BF4B-00C04F79EFBC}") = "week10_hw", "week10_hw\week10_hw.csproj", "{78190BD3-AF00-4ED4-82BD-9C13C1736D50}"
EndProject
Project("{FAE04EC0-301F-11D3-BF4B-00C04F79EFBC}") = "week11_hw", "week11_hw\week11_hw.csproj", "{C76EEB06-01BA-416B-807C-CF71B445EA12}"
EndProject
Global
	GlobalSection(SolutionConfigurationPlatforms) = preSolution
		Debug|Any CPU = Debug|Any CPU
		Release|Any CPU = Release|Any CPU
	EndGlobalSection
	GlobalSection(ProjectConfigurationPlatforms) = postSolution
		{4B67CDA9-1EA8-4970-920F-FB9109EC58AF}.Debug|Any CPU.ActiveCfg = Debug|Any CPU
		{4B67CDA9-1EA8-4970-920F-FB9109EC58AF}.Debug|Any CPU.Build.0 = Debug|Any CPU
		{4B67CDA9-1EA8-4970-920F-FB9109EC58AF}.Release|Any CPU.ActiveCfg = Release|Any CPU
		{4B67CDA9-1EA8-4970-920F-FB9109EC58AF}.Release|Any CPU.Build.0 = Release|Any CPU
		{514335F5-2B84-49BB-8A98-B14CD22490A0}.Debug|Any CPU.ActiveCfg = Debug|Any CPU
		{514335F5-2B84-49BB-8A98-B14CD22490A0}.Debug|Any CPU.Build.0 = Debug|Any CPU
		{514335F5-2B84-49BB-8A98-B14CD22490A0}.Release|Any CPU.ActiveCfg = Release|Any CPU
		{514335F5-2B84-49BB-8A98-B14CD22490A0}.Release|Any CPU.Build.0 = Release|Any CPU
		{F9ADA54C-5B04-4B48-A69E-181622497ACE}.Debug|Any CPU.ActiveCfg = Debug|Any CPU
		{F9ADA54C-5B04-4B48-A69E-181622497ACE}.Debug|Any CPU.Build.0 = Debug|Any CPU
		{F9ADA54C-5B04-4B48-A69E-181622497ACE}.Release|Any CPU.ActiveCfg = Release|Any CPU
		{F9ADA54C-5B04-4B48-A69E-181622497ACE}.Release|Any CPU.Build.0 = Release|Any CPU
		{7593C403-7304-47A0-AD94-79E97C695F75}.Debug|Any CPU.ActiveCfg = Debug|Any CPU
		{7593C403-7304-47A0-AD94-79E97C695F75}.Debug|Any CPU.Build.0 = Debug|Any CPU
		{7593C403-7304-47A0-AD94-79E97C695F75}.Release|Any CPU.ActiveCfg = Release|Any CPU
		{7593C403-7304-47A0-AD94-79E97C695F75}.Release|Any CPU.Build.0 = Release|Any CPU
		{122C6039-490A-4258-A885-A7A30E6A8352}.Debug|Any CPU.ActiveCfg = Debug|Any CPU
		{122C6039-490A-4258-A885-A7A30E6A8352}.Debug|Any CPU.Build.0 = Debug|Any CPU
		{122C6039-490A-4258-A885-A7A30E6A8352}.Release|Any CPU.ActiveCfg = Release|Any CPU
		{122C6039-490A-4258-A885-A7A30E6A8352}.Release|Any CPU.Build.0 = Release|Any CPU
		{78190BD3-AF00-4ED4-82BD-9C13C1736D50}.Debug|Any CPU.ActiveCfg = Debug|Any CPU
		{78190BD3-AF00-4ED4-82BD-9C13C1736D50}.Debug|Any CPU.Build.0 = Debug|Any CPU
		{78190BD3-AF00-4ED4-82BD-9C13C1736D50}.Release|Any CPU.ActiveCfg = Release|Any CPU
		{78190BD3-AF00-4ED4-82BD-9C13C1736D50}.Release|Any CPU.Build.0 = Release|Any CPU
		{C76EEB06-01BA-416B-807C-CF71B445EA12}.Debug|Any CPU.ActiveCfg = Debug|Any CPU
		{C76EEB06-01BA-416B-807C-CF71B445EA12}.Debug|Any CPU.Build.0 = Debug|Any CPU
		{C76EEB06-01BA-416B-807C-CF71B445EA12}.Release|Any CPU.ActiveCfg = Release|Any CPU
		{C76EEB06-01BA-416B-807C-CF71B445EA12}.Release|Any CPU.Build.0 = Release|Any CPU
	EndGlobalSection
EndGlobal
